Microsoft Visual Studio Solution File, Format Version 12.00
# Visual Studio Version 17
VisualStudioVersion = 17.0.31903.59
MinimumVisualStudioVersion = 10.0.40219.1
Project("{2150E333-8FDC-42A3-9474-1A3956D46DE8}") = "src", "src", "{8FD26F37-92D4-460F-8DEB-080009C6E4D4}"
EndProject
Project("{2150E333-8FDC-42A3-9474-1A3956D46DE8}") = "libs", "libs", "{3E1069DB-CEB4-44AB-8C2A-10F445C0976C}"
EndProject
Project("{9A19103F-16F7-4668-BE54-9A1E7A4F7556}") = "SspUis.Job.WebApi", "src\SspUis.Job.WebApi\SspUis.Job.WebApi.csproj", "{D133DC41-7A97-4099-AAE7-CBF2426001D0}"
EndProject
Project("{9A19103F-16F7-4668-BE54-9A1E7A4F7556}") = "SspUis.My.WebApi", "src\SspUis.My.WebApi\SspUis.My.WebApi.csproj", "{EAC7EE0F-6629-42D1-B565-2D1C057215CC}"
EndProject
Project("{9A19103F-16F7-4668-BE54-9A1E7A4F7556}") = "SspUis.WebApi", "src\SspUis.WebApi\SspUis.WebApi.csproj", "{14CA47A3-0838-4A1D-B7F6-AD7D0971099F}"
EndProject
Project("{2150E333-8FDC-42A3-9474-1A3956D46DE8}") = "core", "core", "{89845694-1C47-4947-BF0C-088A36C31258}"
EndProject
Project("{9A19103F-16F7-4668-BE54-9A1E7A4F7556}") = "WEBASE.Integration.Manuals", "src\libs\core\WEBASE.Integration.Manuals\WEBASE.Integration.Manuals.csproj", "{00014081-7897-40C7-8593-A61F34A216B5}"
EndProject
Project("{9A19103F-16F7-4668-BE54-9A1E7A4F7556}") = "WEBASE.Notify.Sms", "src\libs\core\WEBASE.Notify.Sms\WEBASE.Notify.Sms.csproj", "{8164D63B-1411-424C-BDFC-4DD4A44FF78A}"
EndProject
Project("{9A19103F-16F7-4668-BE54-9A1E7A4F7556}") = "WEBASE.Notify.Sms.LuxContent", "src\libs\core\WEBASE.Notify.Sms.LuxContent\WEBASE.Notify.Sms.LuxContent.csproj", "{E8565E15-6629-475A-AC1A-315794E38ABF}"
EndProject
Project("{9A19103F-16F7-4668-BE54-9A1E7A4F7556}") = "WEBASE.OfficeTools", "src\libs\core\WEBASE.OfficeTools\WEBASE.OfficeTools.csproj", "{433F5E71-D8E5-47B9-9AF4-A9020C0BEE80}"
EndProject
Project("{2150E333-8FDC-42A3-9474-1A3956D46DE8}") = "mq", "mq", "{AAC82385-AFBC-4510-8174-50818E61EBE1}"
EndProject
Project("{9A19103F-16F7-4668-BE54-9A1E7A4F7556}") = "SspUis.RabbitMQ", "src\libs\mq\SspUis.RabbitMQ\SspUis.RabbitMQ.csproj", "{3A8F6302-7261-4FA0-ABB4-B33E585465A2}"
EndProject
Project("{2150E333-8FDC-42A3-9474-1A3956D46DE8}") = "itg", "itg", "{B6D91D86-BC2D-4914-9D18-250AAFE98B6B}"
EndProject
Project("{9A19103F-16F7-4668-BE54-9A1E7A4F7556}") = "SspUis.Integration.Soliq", "src\libs\itg\SspUis.Integration.Soliq\SspUis.Integration.Soliq.csproj", "{9A0CDA8E-3C90-443D-8E27-1B3532A00790}"
EndProject
Project("{9A19103F-16F7-4668-BE54-9A1E7A4F7556}") = "SspUis.Integration.BankCredit", "src\libs\itg\MarkaziyBankIntegration\SspUis.Integration.BankCredit.csproj", "{C59F9B18-8D9F-4EE8-9505-690CBD5DB01B}"
EndProject
Project("{9A19103F-16F7-4668-BE54-9A1E7A4F7556}") = "SspUis.Integration.AgroBank", "src\libs\itg\SspUis.Integration.AgroBank\SspUis.Integration.AgroBank.csproj", "{2FA29A70-E0E3-44A2-B167-43F7EE1AAF24}"
EndProject
Project("{9A19103F-16F7-4668-BE54-9A1E7A4F7556}") = "SspUis.Integration.Billing", "src\libs\itg\SspUis.Integration.Billing\SspUis.Integration.Billing.csproj", "{BC826904-C848-4E8C-B530-62553A68FEB2}"
EndProject
Project("{9A19103F-16F7-4668-BE54-9A1E7A4F7556}") = "SspUis.Integration.Bojxona", "src\libs\itg\SspUis.Integration.Bojxona\SspUis.Integration.Bojxona.csproj", "{52E3F4BC-7991-400E-AF03-A26AFFC1C2B9}"
EndProject
Project("{9A19103F-16F7-4668-BE54-9A1E7A4F7556}") = "SspUis.Integration.Certificate", "src\libs\itg\SspUis.Integration.Certificate\SspUis.Integration.Certificate.csproj", "{5677BB33-7CA9-4FB6-9F89-5BE582D323EE}"
EndProject
Project("{9A19103F-16F7-4668-BE54-9A1E7A4F7556}") = "SspUis.Integration.Edoc", "src\libs\itg\SspUis.Integration.Edoc\SspUis.Integration.Edoc.csproj", "{D4172DA0-35BE-4CCA-B100-67DD7D3F9005}"
EndProject
Project("{9A19103F-16F7-4668-BE54-9A1E7A4F7556}") = "SspUis.Integration.Investitsiya", "src\libs\itg\SspUis.Integration.Investitsiya\SspUis.Integration.Investitsiya.csproj", "{84E8196B-291E-4BB6-9D1F-220495BC264E}"
EndProject
Project("{9A19103F-16F7-4668-BE54-9A1E7A4F7556}") = "SspUis.Integration.Bandlik", "src\libs\itg\SspUis.Integration.Bandlik\SspUis.Integration.Bandlik.csproj", "{5D0D9B61-3799-41C4-9529-BF507ABA1F9C}"
EndProject
Project("{9A19103F-16F7-4668-BE54-9A1E7A4F7556}") = "SspUis.Integration.DavAktiv", "src\libs\itg\SspUis.Integration.DavAktiv\SspUis.Integration.DavAktiv.csproj", "{875B05A3-E9F7-4027-BE53-DF67670EF2B1}"
EndProject
Project("{9A19103F-16F7-4668-BE54-9A1E7A4F7556}") = "SspUis.Integration.DigitizationCenter", "src\libs\itg\SspUis.Integration.DigitizationCenter\SspUis.Integration.DigitizationCenter.csproj", "{B724223F-CCF3-47E7-824F-E76519A1AF2A}"
EndProject
Project("{9A19103F-16F7-4668-BE54-9A1E7A4F7556}") = "SspUis.Integration.DocxToPdf", "src\libs\itg\SspUis.Integration.DocxToPdf\SspUis.Integration.DocxToPdf.csproj", "{AB166C40-541A-486B-BA7C-65FA8947831F}"
EndProject
Project("{9A19103F-16F7-4668-BE54-9A1E7A4F7556}") = "SspUis.Integration.DualContract", "src\libs\itg\SspUis.Integration.DualContract\SspUis.Integration.DualContract.csproj", "{1C4B2102-80E5-489C-8E65-E4DF711A9ABD}"
EndProject
Project("{9A19103F-16F7-4668-BE54-9A1E7A4F7556}") = "SspUis.Integration.Finance", "src\libs\itg\SspUis.Integration.Finance\SspUis.Integration.Finance.csproj", "{316A72C3-EA57-4E0B-8412-7C575A96FC6C}"
EndProject
Project("{9A19103F-16F7-4668-BE54-9A1E7A4F7556}") = "SspUis.Integration.MarkaziyBank", "src\libs\itg\SspUis.Integration.MarkaziyBank\SspUis.Integration.MarkaziyBank.csproj", "{9B3DDE1D-1B77-4FF1-99B6-B35E8A6EB1D8}"
EndProject
Project("{9A19103F-16F7-4668-BE54-9A1E7A4F7556}") = "SspUis.Integration.OneId", "src\libs\itg\SspUis.Integration.OneId\SspUis.Integration.OneId.csproj", "{685726A7-F906-4E78-B511-79C9E9F8C4DB}"
EndProject
Project("{9A19103F-16F7-4668-BE54-9A1E7A4F7556}") = "SspUis.Integration.OnlineMahalla", "src\libs\itg\SspUis.Integration.OnlineMahalla\SspUis.Integration.OnlineMahalla.csproj", "{38831DBF-20C1-40E9-BBE2-A07F1B25BE73}"
EndProject
Project("{9A19103F-16F7-4668-BE54-9A1E7A4F7556}") = "SspUis.Integration.Stat", "src\libs\itg\SspUis.Integration.Stat\SspUis.Integration.Stat.csproj", "{7DE9420F-F9A6-46E7-9791-9A319D0DAB26}"
EndProject
Project("{9A19103F-16F7-4668-BE54-9A1E7A4F7556}") = "SspUis.Integration.Sud", "src\libs\itg\SspUis.Integration.Sud\SspUis.Integration.Sud.csproj", "{A170D01B-B36D-4B09-9454-105F27E7D044}"
EndProject
Project("{9A19103F-16F7-4668-BE54-9A1E7A4F7556}") = "SspUis.Integration.TadbirkorFund", "src\libs\itg\SspUis.Integration.TadbirkorFund\SspUis.Integration.TadbirkorFund.csproj", "{4271C02E-DC96-4378-AB2A-F8BE3FCCDECD}"
EndProject
Project("{9A19103F-16F7-4668-BE54-9A1E7A4F7556}") = "SspUis.Integration.XalqBank", "src\libs\itg\SspUis.Integration.XalqBank\SspUis.Integration.XalqBank.csproj", "{D24E1865-5550-453D-A180-9597E75F2221}"
EndProject
Project("{9A19103F-16F7-4668-BE54-9A1E7A4F7556}") = "SspUis.BizLogicLayer", "src\libs\SspUis.BizLogicLayer\SspUis.BizLogicLayer.csproj", "{EAF9C08A-B39B-4A7C-B7C7-E246798726DD}"
EndProject
Project("{9A19103F-16F7-4668-BE54-9A1E7A4F7556}") = "SspUis.Core", "src\libs\SspUis.Core\SspUis.Core.csproj", "{A6E0FE96-4E9B-4DD6-B357-32D08BB5A08A}"
EndProject
Project("{9A19103F-16F7-4668-BE54-9A1E7A4F7556}") = "SspUis.DataLayer", "src\libs\SspUis.DataLayer\SspUis.DataLayer.csproj", "{13EF679F-435D-47D3-8120-A751D5631FF7}"
EndProject
Project("{9A19103F-16F7-4668-BE54-9A1E7A4F7556}") = "SspUis.Job", "src\libs\SspUis.Job\SspUis.Job.csproj", "{79EAD8D1-8B39-4608-BE32-2A9758AF4CB4}"
EndProject
Global
	GlobalSection(SolutionConfigurationPlatforms) = preSolution
		Debug|Any CPU = Debug|Any CPU
		Release|Any CPU = Release|Any CPU
	EndGlobalSection
	GlobalSection(ProjectConfigurationPlatforms) = postSolution
		{D133DC41-7A97-4099-AAE7-CBF2426001D0}.Debug|Any CPU.ActiveCfg = Debug|Any CPU
		{D133DC41-7A97-4099-AAE7-CBF2426001D0}.Debug|Any CPU.Build.0 = Debug|Any CPU
		{D133DC41-7A97-4099-AAE7-CBF2426001D0}.Release|Any CPU.ActiveCfg = Release|Any CPU
		{D133DC41-7A97-4099-AAE7-CBF2426001D0}.Release|Any CPU.Build.0 = Release|Any CPU
		{EAC7EE0F-6629-42D1-B565-2D1C057215CC}.Debug|Any CPU.ActiveCfg = Debug|Any CPU
		{EAC7EE0F-6629-42D1-B565-2D1C057215CC}.Debug|Any CPU.Build.0 = Debug|Any CPU
		{EAC7EE0F-6629-42D1-B565-2D1C057215CC}.Release|Any CPU.ActiveCfg = Release|Any CPU
		{EAC7EE0F-6629-42D1-B565-2D1C057215CC}.Release|Any CPU.Build.0 = Release|Any CPU
		{14CA47A3-0838-4A1D-B7F6-AD7D0971099F}.Debug|Any CPU.ActiveCfg = Debug|Any CPU
		{14CA47A3-0838-4A1D-B7F6-AD7D0971099F}.Debug|Any CPU.Build.0 = Debug|Any CPU
		{14CA47A3-0838-4A1D-B7F6-AD7D0971099F}.Release|Any CPU.ActiveCfg = Release|Any CPU
		{14CA47A3-0838-4A1D-B7F6-AD7D0971099F}.Release|Any CPU.Build.0 = Release|Any CPU
		{00014081-7897-40C7-8593-A61F34A216B5}.Debug|Any CPU.ActiveCfg = Debug|Any CPU
		{00014081-7897-40C7-8593-A61F34A216B5}.Debug|Any CPU.Build.0 = Debug|Any CPU
		{00014081-7897-40C7-8593-A61F34A216B5}.Release|Any CPU.ActiveCfg = Release|Any CPU
		{00014081-7897-40C7-8593-A61F34A216B5}.Release|Any CPU.Build.0 = Release|Any CPU
		{8164D63B-1411-424C-BDFC-4DD4A44FF78A}.Debug|Any CPU.ActiveCfg = Debug|Any CPU
		{8164D63B-1411-424C-BDFC-4DD4A44FF78A}.Debug|Any CPU.Build.0 = Debug|Any CPU
		{8164D63B-1411-424C-BDFC-4DD4A44FF78A}.Release|Any CPU.ActiveCfg = Release|Any CPU
		{8164D63B-1411-424C-BDFC-4DD4A44FF78A}.Release|Any CPU.Build.0 = Release|Any CPU
		{E8565E15-6629-475A-AC1A-315794E38ABF}.Debug|Any CPU.ActiveCfg = Debug|Any CPU
		{E8565E15-6629-475A-AC1A-315794E38ABF}.Debug|Any CPU.Build.0 = Debug|Any CPU
		{E8565E15-6629-475A-AC1A-315794E38ABF}.Release|Any CPU.ActiveCfg = Release|Any CPU
		{E8565E15-6629-475A-AC1A-315794E38ABF}.Release|Any CPU.Build.0 = Release|Any CPU
		{433F5E71-D8E5-47B9-9AF4-A9020C0BEE80}.Debug|Any CPU.ActiveCfg = Debug|Any CPU
		{433F5E71-D8E5-47B9-9AF4-A9020C0BEE80}.Debug|Any CPU.Build.0 = Debug|Any CPU
		{433F5E71-D8E5-47B9-9AF4-A9020C0BEE80}.Release|Any CPU.ActiveCfg = Release|Any CPU
		{433F5E71-D8E5-47B9-9AF4-A9020C0BEE80}.Release|Any CPU.Build.0 = Release|Any CPU
		{3A8F6302-7261-4FA0-ABB4-B33E585465A2}.Debug|Any CPU.ActiveCfg = Debug|Any CPU
		{3A8F6302-7261-4FA0-ABB4-B33E585465A2}.Debug|Any CPU.Build.0 = Debug|Any CPU
		{3A8F6302-7261-4FA0-ABB4-B33E585465A2}.Release|Any CPU.ActiveCfg = Release|Any CPU
		{3A8F6302-7261-4FA0-ABB4-B33E585465A2}.Release|Any CPU.Build.0 = Release|Any CPU
		{9A0CDA8E-3C90-443D-8E27-1B3532A00790}.Debug|Any CPU.ActiveCfg = Debug|Any CPU
		{9A0CDA8E-3C90-443D-8E27-1B3532A00790}.Debug|Any CPU.Build.0 = Debug|Any CPU
		{9A0CDA8E-3C90-443D-8E27-1B3532A00790}.Release|Any CPU.ActiveCfg = Release|Any CPU
		{9A0CDA8E-3C90-443D-8E27-1B3532A00790}.Release|Any CPU.Build.0 = Release|Any CPU
		{C59F9B18-8D9F-4EE8-9505-690CBD5DB01B}.Debug|Any CPU.ActiveCfg = Debug|Any CPU
		{C59F9B18-8D9F-4EE8-9505-690CBD5DB01B}.Debug|Any CPU.Build.0 = Debug|Any CPU
		{C59F9B18-8D9F-4EE8-9505-690CBD5DB01B}.Release|Any CPU.ActiveCfg = Release|Any CPU
		{C59F9B18-8D9F-4EE8-9505-690CBD5DB01B}.Release|Any CPU.Build.0 = Release|Any CPU
		{2FA29A70-E0E3-44A2-B167-43F7EE1AAF24}.Debug|Any CPU.ActiveCfg = Debug|Any CPU
		{2FA29A70-E0E3-44A2-B167-43F7EE1AAF24}.Debug|Any CPU.Build.0 = Debug|Any CPU
		{2FA29A70-E0E3-44A2-B167-43F7EE1AAF24}.Release|Any CPU.ActiveCfg = Release|Any CPU
		{2FA29A70-E0E3-44A2-B167-43F7EE1AAF24}.Release|Any CPU.Build.0 = Release|Any CPU
		{BC826904-C848-4E8C-B530-62553A68FEB2}.Debug|Any CPU.ActiveCfg = Debug|Any CPU
		{BC826904-C848-4E8C-B530-62553A68FEB2}.Debug|Any CPU.Build.0 = Debug|Any CPU
		{BC826904-C848-4E8C-B530-62553A68FEB2}.Release|Any CPU.ActiveCfg = Release|Any CPU
		{BC826904-C848-4E8C-B530-62553A68FEB2}.Release|Any CPU.Build.0 = Release|Any CPU
		{52E3F4BC-7991-400E-AF03-A26AFFC1C2B9}.Debug|Any CPU.ActiveCfg = Debug|Any CPU
		{52E3F4BC-7991-400E-AF03-A26AFFC1C2B9}.Debug|Any CPU.Build.0 = Debug|Any CPU
		{52E3F4BC-7991-400E-AF03-A26AFFC1C2B9}.Release|Any CPU.ActiveCfg = Release|Any CPU
		{52E3F4BC-7991-400E-AF03-A26AFFC1C2B9}.Release|Any CPU.Build.0 = Release|Any CPU
		{5677BB33-7CA9-4FB6-9F89-5BE582D323EE}.Debug|Any CPU.ActiveCfg = Debug|Any CPU
		{5677BB33-7CA9-4FB6-9F89-5BE582D323EE}.Debug|Any CPU.Build.0 = Debug|Any CPU
		{5677BB33-7CA9-4FB6-9F89-5BE582D323EE}.Release|Any CPU.ActiveCfg = Release|Any CPU
		{5677BB33-7CA9-4FB6-9F89-5BE582D323EE}.Release|Any CPU.Build.0 = Release|Any CPU
		{D4172DA0-35BE-4CCA-B100-67DD7D3F9005}.Debug|Any CPU.ActiveCfg = Debug|Any CPU
		{D4172DA0-35BE-4CCA-B100-67DD7D3F9005}.Debug|Any CPU.Build.0 = Debug|Any CPU
		{D4172DA0-35BE-4CCA-B100-67DD7D3F9005}.Release|Any CPU.ActiveCfg = Release|Any CPU
		{D4172DA0-35BE-4CCA-B100-67DD7D3F9005}.Release|Any CPU.Build.0 = Release|Any CPU
		{84E8196B-291E-4BB6-9D1F-220495BC264E}.Debug|Any CPU.ActiveCfg = Debug|Any CPU
		{84E8196B-291E-4BB6-9D1F-220495BC264E}.Debug|Any CPU.Build.0 = Debug|Any CPU
		{84E8196B-291E-4BB6-9D1F-220495BC264E}.Release|Any CPU.ActiveCfg = Release|Any CPU
		{84E8196B-291E-4BB6-9D1F-220495BC264E}.Release|Any CPU.Build.0 = Release|Any CPU
		{5D0D9B61-3799-41C4-9529-BF507ABA1F9C}.Debug|Any CPU.ActiveCfg = Debug|Any CPU
		{5D0D9B61-3799-41C4-9529-BF507ABA1F9C}.Debug|Any CPU.Build.0 = Debug|Any CPU
		{5D0D9B61-3799-41C4-9529-BF507ABA1F9C}.Release|Any CPU.ActiveCfg = Release|Any CPU
		{5D0D9B61-3799-41C4-9529-BF507ABA1F9C}.Release|Any CPU.Build.0 = Release|Any CPU
		{875B05A3-E9F7-4027-BE53-DF67670EF2B1}.Debug|Any CPU.ActiveCfg = Debug|Any CPU
		{875B05A3-E9F7-4027-BE53-DF67670EF2B1}.Debug|Any CPU.Build.0 = Debug|Any CPU
		{875B05A3-E9F7-4027-BE53-DF67670EF2B1}.Release|Any CPU.ActiveCfg = Release|Any CPU
		{875B05A3-E9F7-4027-BE53-DF67670EF2B1}.Release|Any CPU.Build.0 = Release|Any CPU
		{B724223F-CCF3-47E7-824F-E76519A1AF2A}.Debug|Any CPU.ActiveCfg = Debug|Any CPU
		{B724223F-CCF3-47E7-824F-E76519A1AF2A}.Debug|Any CPU.Build.0 = Debug|Any CPU
		{B724223F-CCF3-47E7-824F-E76519A1AF2A}.Release|Any CPU.ActiveCfg = Release|Any CPU
		{B724223F-CCF3-47E7-824F-E76519A1AF2A}.Release|Any CPU.Build.0 = Release|Any CPU
		{AB166C40-541A-486B-BA7C-65FA8947831F}.Debug|Any CPU.ActiveCfg = Debug|Any CPU
		{AB166C40-541A-486B-BA7C-65FA8947831F}.Debug|Any CPU.Build.0 = Debug|Any CPU
		{AB166C40-541A-486B-BA7C-65FA8947831F}.Release|Any CPU.ActiveCfg = Release|Any CPU
		{AB166C40-541A-486B-BA7C-65FA8947831F}.Release|Any CPU.Build.0 = Release|Any CPU
		{1C4B2102-80E5-489C-8E65-E4DF711A9ABD}.Debug|Any CPU.ActiveCfg = Debug|Any CPU
		{1C4B2102-80E5-489C-8E65-E4DF711A9ABD}.Debug|Any CPU.Build.0 = Debug|Any CPU
		{1C4B2102-80E5-489C-8E65-E4DF711A9ABD}.Release|Any CPU.ActiveCfg = Release|Any CPU
		{1C4B2102-80E5-489C-8E65-E4DF711A9ABD}.Release|Any CPU.Build.0 = Release|Any CPU
		{316A72C3-EA57-4E0B-8412-7C575A96FC6C}.Debug|Any CPU.ActiveCfg = Debug|Any CPU
		{316A72C3-EA57-4E0B-8412-7C575A96FC6C}.Debug|Any CPU.Build.0 = Debug|Any CPU
		{316A72C3-EA57-4E0B-8412-7C575A96FC6C}.Release|Any CPU.ActiveCfg = Release|Any CPU
		{316A72C3-EA57-4E0B-8412-7C575A96FC6C}.Release|Any CPU.Build.0 = Release|Any CPU
		{9B3DDE1D-1B77-4FF1-99B6-B35E8A6EB1D8}.Debug|Any CPU.ActiveCfg = Debug|Any CPU
		{9B3DDE1D-1B77-4FF1-99B6-B35E8A6EB1D8}.Debug|Any CPU.Build.0 = Debug|Any CPU
		{9B3DDE1D-1B77-4FF1-99B6-B35E8A6EB1D8}.Release|Any CPU.ActiveCfg = Release|Any CPU
		{9B3DDE1D-1B77-4FF1-99B6-B35E8A6EB1D8}.Release|Any CPU.Build.0 = Release|Any CPU
		{685726A7-F906-4E78-B511-79C9E9F8C4DB}.Debug|Any CPU.ActiveCfg = Debug|Any CPU
		{685726A7-F906-4E78-B511-79C9E9F8C4DB}.Debug|Any CPU.Build.0 = Debug|Any CPU
		{685726A7-F906-4E78-B511-79C9E9F8C4DB}.Release|Any CPU.ActiveCfg = Release|Any CPU
		{685726A7-F906-4E78-B511-79C9E9F8C4DB}.Release|Any CPU.Build.0 = Release|Any CPU
		{38831DBF-20C1-40E9-BBE2-A07F1B25BE73}.Debug|Any CPU.ActiveCfg = Debug|Any CPU
		{38831DBF-20C1-40E9-BBE2-A07F1B25BE73}.Debug|Any CPU.Build.0 = Debug|Any CPU
		{38831DBF-20C1-40E9-BBE2-A07F1B25BE73}.Release|Any CPU.ActiveCfg = Release|Any CPU
		{38831DBF-20C1-40E9-BBE2-A07F1B25BE73}.Release|Any CPU.Build.0 = Release|Any CPU
		{7DE9420F-F9A6-46E7-9791-9A319D0DAB26}.Debug|Any CPU.ActiveCfg = Debug|Any CPU
		{7DE9420F-F9A6-46E7-9791-9A319D0DAB26}.Debug|Any CPU.Build.0 = Debug|Any CPU
		{7DE9420F-F9A6-46E7-9791-9A319D0DAB26}.Release|Any CPU.ActiveCfg = Release|Any CPU
		{7DE9420F-F9A6-46E7-9791-9A319D0DAB26}.Release|Any CPU.Build.0 = Release|Any CPU
		{A170D01B-B36D-4B09-9454-105F27E7D044}.Debug|Any CPU.ActiveCfg = Debug|Any CPU
		{A170D01B-B36D-4B09-9454-105F27E7D044}.Debug|Any CPU.Build.0 = Debug|Any CPU
		{A170D01B-B36D-4B09-9454-105F27E7D044}.Release|Any CPU.ActiveCfg = Release|Any CPU
		{A170D01B-B36D-4B09-9454-105F27E7D044}.Release|Any CPU.Build.0 = Release|Any CPU
		{4271C02E-DC96-4378-AB2A-F8BE3FCCDECD}.Debug|Any CPU.ActiveCfg = Debug|Any CPU
		{4271C02E-DC96-4378-AB2A-F8BE3FCCDECD}.Debug|Any CPU.Build.0 = Debug|Any CPU
		{4271C02E-DC96-4378-AB2A-F8BE3FCCDECD}.Release|Any CPU.ActiveCfg = Release|Any CPU
		{4271C02E-DC96-4378-AB2A-F8BE3FCCDECD}.Release|Any CPU.Build.0 = Release|Any CPU
		{D24E1865-5550-453D-A180-9597E75F2221}.Debug|Any CPU.ActiveCfg = Debug|Any CPU
		{D24E1865-5550-453D-A180-9597E75F2221}.Debug|Any CPU.Build.0 = Debug|Any CPU
		{D24E1865-5550-453D-A180-9597E75F2221}.Release|Any CPU.ActiveCfg = Release|Any CPU
		{D24E1865-5550-453D-A180-9597E75F2221}.Release|Any CPU.Build.0 = Release|Any CPU
		{EAF9C08A-B39B-4A7C-B7C7-E246798726DD}.Debug|Any CPU.ActiveCfg = Debug|Any CPU
		{EAF9C08A-B39B-4A7C-B7C7-E246798726DD}.Debug|Any CPU.Build.0 = Debug|Any CPU
		{EAF9C08A-B39B-4A7C-B7C7-E246798726DD}.Release|Any CPU.ActiveCfg = Release|Any CPU
		{EAF9C08A-B39B-4A7C-B7C7-E246798726DD}.Release|Any CPU.Build.0 = Release|Any CPU
		{A6E0FE96-4E9B-4DD6-B357-32D08BB5A08A}.Debug|Any CPU.ActiveCfg = Debug|Any CPU
		{A6E0FE96-4E9B-4DD6-B357-32D08BB5A08A}.Debug|Any CPU.Build.0 = Debug|Any CPU
		{A6E0FE96-4E9B-4DD6-B357-32D08BB5A08A}.Release|Any CPU.ActiveCfg = Release|Any CPU
		{A6E0FE96-4E9B-4DD6-B357-32D08BB5A08A}.Release|Any CPU.Build.0 = Release|Any CPU
		{13EF679F-435D-47D3-8120-A751D5631FF7}.Debug|Any CPU.ActiveCfg = Debug|Any CPU
		{13EF679F-435D-47D3-8120-A751D5631FF7}.Debug|Any CPU.Build.0 = Debug|Any CPU
		{13EF679F-435D-47D3-8120-A751D5631FF7}.Release|Any CPU.ActiveCfg = Release|Any CPU
		{13EF679F-435D-47D3-8120-A751D5631FF7}.Release|Any CPU.Build.0 = Release|Any CPU
		{79EAD8D1-8B39-4608-BE32-2A9758AF4CB4}.Debug|Any CPU.ActiveCfg = Debug|Any CPU
		{79EAD8D1-8B39-4608-BE32-2A9758AF4CB4}.Debug|Any CPU.Build.0 = Debug|Any CPU
		{79EAD8D1-8B39-4608-BE32-2A9758AF4CB4}.Release|Any CPU.ActiveCfg = Release|Any CPU
		{79EAD8D1-8B39-4608-BE32-2A9758AF4CB4}.Release|Any CPU.Build.0 = Release|Any CPU
	EndGlobalSection
	GlobalSection(SolutionProperties) = preSolution
		HideSolutionNode = FALSE
	EndGlobalSection
	GlobalSection(NestedProjects) = preSolution
		{3E1069DB-CEB4-44AB-8C2A-10F445C0976C} = {8FD26F37-92D4-460F-8DEB-080009C6E4D4}
		{D133DC41-7A97-4099-AAE7-CBF2426001D0} = {8FD26F37-92D4-460F-8DEB-080009C6E4D4}
		{EAC7EE0F-6629-42D1-B565-2D1C057215CC} = {8FD26F37-92D4-460F-8DEB-080009C6E4D4}
		{14CA47A3-0838-4A1D-B7F6-AD7D0971099F} = {8FD26F37-92D4-460F-8DEB-080009C6E4D4}
		{89845694-1C47-4947-BF0C-088A36C31258} = {3E1069DB-CEB4-44AB-8C2A-10F445C0976C}
		{00014081-7897-40C7-8593-A61F34A216B5} = {89845694-1C47-4947-BF0C-088A36C31258}
		{8164D63B-1411-424C-BDFC-4DD4A44FF78A} = {89845694-1C47-4947-BF0C-088A36C31258}
		{E8565E15-6629-475A-AC1A-315794E38ABF} = {89845694-1C47-4947-BF0C-088A36C31258}
		{433F5E71-D8E5-47B9-9AF4-A9020C0BEE80} = {89845694-1C47-4947-BF0C-088A36C31258}
		{AAC82385-AFBC-4510-8174-50818E61EBE1} = {3E1069DB-CEB4-44AB-8C2A-10F445C0976C}
		{3A8F6302-7261-4FA0-ABB4-B33E585465A2} = {AAC82385-AFBC-4510-8174-50818E61EBE1}
		{B6D91D86-BC2D-4914-9D18-250AAFE98B6B} = {3E1069DB-CEB4-44AB-8C2A-10F445C0976C}
		{9A0CDA8E-3C90-443D-8E27-1B3532A00790} = {B6D91D86-BC2D-4914-9D18-250AAFE98B6B}
		{C59F9B18-8D9F-4EE8-9505-690CBD5DB01B} = {B6D91D86-BC2D-4914-9D18-250AAFE98B6B}
		{2FA29A70-E0E3-44A2-B167-43F7EE1AAF24} = {B6D91D86-BC2D-4914-9D18-250AAFE98B6B}
		{BC826904-C848-4E8C-B530-62553A68FEB2} = {B6D91D86-BC2D-4914-9D18-250AAFE98B6B}
		{52E3F4BC-7991-400E-AF03-A26AFFC1C2B9} = {B6D91D86-BC2D-4914-9D18-250AAFE98B6B}
		{5677BB33-7CA9-4FB6-9F89-5BE582D323EE} = {B6D91D86-BC2D-4914-9D18-250AAFE98B6B}
		{D4172DA0-35BE-4CCA-B100-67DD7D3F9005} = {B6D91D86-BC2D-4914-9D18-250AAFE98B6B}
		{84E8196B-291E-4BB6-9D1F-220495BC264E} = {B6D91D86-BC2D-4914-9D18-250AAFE98B6B}
		{5D0D9B61-3799-41C4-9529-BF507ABA1F9C} = {B6D91D86-BC2D-4914-9D18-250AAFE98B6B}
		{875B05A3-E9F7-4027-BE53-DF67670EF2B1} = {B6D91D86-BC2D-4914-9D18-250AAFE98B6B}
		{B724223F-CCF3-47E7-824F-E76519A1AF2A} = {B6D91D86-BC2D-4914-9D18-250AAFE98B6B}
		{AB166C40-541A-486B-BA7C-65FA8947831F} = {B6D91D86-BC2D-4914-9D18-250AAFE98B6B}
		{1C4B2102-80E5-489C-8E65-E4DF711A9ABD} = {B6D91D86-BC2D-4914-9D18-250AAFE98B6B}
		{316A72C3-EA57-4E0B-8412-7C575A96FC6C} = {B6D91D86-BC2D-4914-9D18-250AAFE98B6B}
		{9B3DDE1D-1B77-4FF1-99B6-B35E8A6EB1D8} = {B6D91D86-BC2D-4914-9D18-250AAFE98B6B}
		{685726A7-F906-4E78-B511-79C9E9F8C4DB} = {B6D91D86-BC2D-4914-9D18-250AAFE98B6B}
		{38831DBF-20C1-40E9-BBE2-A07F1B25BE73} = {B6D91D86-BC2D-4914-9D18-250AAFE98B6B}
		{7DE9420F-F9A6-46E7-9791-9A319D0DAB26} = {B6D91D86-BC2D-4914-9D18-250AAFE98B6B}
		{A170D01B-B36D-4B09-9454-105F27E7D044} = {B6D91D86-BC2D-4914-9D18-250AAFE98B6B}
		{4271C02E-DC96-4378-AB2A-F8BE3FCCDECD} = {B6D91D86-BC2D-4914-9D18-250AAFE98B6B}
		{D24E1865-5550-453D-A180-9597E75F2221} = {B6D91D86-BC2D-4914-9D18-250AAFE98B6B}
		{EAF9C08A-B39B-4A7C-B7C7-E246798726DD} = {3E1069DB-CEB4-44AB-8C2A-10F445C0976C}
		{A6E0FE96-4E9B-4DD6-B357-32D08BB5A08A} = {3E1069DB-CEB4-44AB-8C2A-10F445C0976C}
		{13EF679F-435D-47D3-8120-A751D5631FF7} = {3E1069DB-CEB4-44AB-8C2A-10F445C0976C}
		{79EAD8D1-8B39-4608-BE32-2A9758AF4CB4} = {3E1069DB-CEB4-44AB-8C2A-10F445C0976C}
	EndGlobalSection
	GlobalSection(ExtensibilityGlobals) = postSolution
		SolutionGuid = {26FBEDB0-8572-4D33-84B4-5E425913DC8D}
	EndGlobalSection
EndGlobal
